
Microsoft Visual Studio Solution File, Format Version 12.00
# Visual Studio Version 17
VisualStudioVersion = 17.8.34316.72
MinimumVisualStudioVersion = 10.0.40219.1
Project("{FAE04EC0-301F-11D3-BF4B-00C04F79EFBC}") = "BreakOutRoom_mopifikatoryPristupu", "BreakOutRoom_mopifikatoryPristupu.csproj", "{5B69BD74-4CBF-40CF-BDB0-9B298AF2CBC5}"
EndProject
Global
	GlobalSection(SolutionConfigurationPlatforms) = preSolution
		Debug|Any CPU = Debug|Any CPU
		Release|Any CPU = Release|Any CPU
	EndGlobalSection
	GlobalSection(ProjectConfigurationPlatforms) = postSolution
		{5B69BD74-4CBF-40CF-BDB0-9B298AF2CBC5}.Debug|Any CPU.ActiveCfg = Debug|Any CPU
		{5B69BD74-4CBF-40CF-BDB0-9B298AF2CBC5}.Debug|Any CPU.Build.0 = Debug|Any CPU
		{5B69BD74-4CBF-40CF-BDB0-9B298AF2CBC5}.Release|Any CPU.ActiveCfg = Release|Any CPU
		{5B69BD74-4CBF-40CF-BDB0-9B298AF2CBC5}.Release|Any CPU.Build.0 = Release|Any CPU
	EndGlobalSection
	GlobalSection(SolutionProperties) = preSolution
		HideSolutionNode = FALSE
	EndGlobalSection
	GlobalSection(ExtensibilityGlobals) = postSolution
		SolutionGuid = {BF8D5AF4-C017-4B28-AA69-BDF2B58211C3}
	EndGlobalSection
EndGlobal
